// !$*UTF8*$!
{
	archiveVersion = 1;
	classes = {
	};
	objectVersion = 50;
	objects = {

/* Begin PBXBuildFile section */
		641498A4241B1BE4002FF65A /* AppDelegate.m in Sources */ = {isa = PBXBuildFile; fileRef = 641498A3241B1BE4002FF65A /* AppDelegate.m */; };
		641498A7241B1BE4002FF65A /* ViewController.m in Sources */ = {isa = PBXBuildFile; fileRef = 641498A6241B1BE4002FF65A /* ViewController.m */; };
		641498AA241B1BE4002FF65A /* Main.storyboard in Resources */ = {isa = PBXBuildFile; fileRef = 641498A8241B1BE4002FF65A /* Main.storyboard */; };
		641498AC241B1BE5002FF65A /* Assets.xcassets in Resources */ = {isa = PBXBuildFile; fileRef = 641498AB241B1BE5002FF65A /* Assets.xcassets */; };
		641498AF241B1BE5002FF65A /* LaunchScreen.storyboard in Resources */ = {isa = PBXBuildFile; fileRef = 641498AD241B1BE5002FF65A /* LaunchScreen.storyboard */; };
		641498B2241B1BE5002FF65A /* main.m in Sources */ = {isa = PBXBuildFile; fileRef = 641498B1241B1BE5002FF65A /* main.m */; };
		641498BE241B2B57002FF65A /* Controller.m in Sources */ = {isa = PBXBuildFile; fileRef = 641498BD241B2B57002FF65A /* Controller.m */; };
		641498C1241B2B70002FF65A /* Presenter.m in Sources */ = {isa = PBXBuildFile; fileRef = 641498C0241B2B70002FF65A /* Presenter.m */; };
		641498C4241B2C2E002FF65A /* TableViewCell.m in Sources */ = {isa = PBXBuildFile; fileRef = 641498C3241B2C2E002FF65A /* TableViewCell.m */; };
		641498CF241B57E7002FF65A /* Model.m in Sources */ = {isa = PBXBuildFile; fileRef = 641498CE241B57E7002FF65A /* Model.m */; };
/* End PBXBuildFile section */

/* Begin PBXFileReference section */
		6414989F241B1BE4002FF65A /* MVPDemo.app */ = {isa = PBXFileReference; explicitFileType = wrapper.application; includeInIndex = 0; path = MVPDemo.app; sourceTree = BUILT_PRODUCTS_DIR; };
		641498A2241B1BE4002FF65A /* AppDelegate.h */ = {isa = PBXFileReference; lastKnownFileType = sourcecode.c.h; path = AppDelegate.h; sourceTree = "<group>"; };
		641498A3241B1BE4002FF65A /* AppDelegate.m */ = {isa = PBXFileReference; lastKnownFileType = sourcecode.c.objc; path = AppDelegate.m; sourceTree = "<group>"; };
		641498A5241B1BE4002FF65A /* ViewController.h */ = {isa = PBXFileReference; lastKnownFileType = sourcecode.c.h; path = ViewController.h; sourceTree = "<group>"; };
		641498A6241B1BE4002FF65A /* ViewController.m */ = {isa = PBXFileReference; lastKnownFileType = sourcecode.c.objc; path = ViewController.m; sourceTree = "<group>"; };
		641498A9241B1BE4002FF65A /* Base */ = {isa = PBXFileReference; lastKnownFileType = file.storyboard; name = Base; path = Base.lproj/Main.storyboard; sourceTree = "<group>"; };
		641498AB241B1BE5002FF65A /* Assets.xcassets */ = {isa = PBXFileReference; lastKnownFileType = folder.assetcatalog; path = Assets.xcassets; sourceTree = "<group>"; };
		641498AE241B1BE5002FF65A /* Base */ = {isa = PBXFileReference; lastKnownFileType = file.storyboard; name = Base; path = Base.lproj/LaunchScreen.storyboard; sourceTree = "<group>"; };
		641498B0241B1BE5002FF65A /* Info.plist */ = {isa = PBXFileReference; lastKnownFileType = text.plist.xml; path = Info.plist; sourceTree = "<group>"; };
		641498B1241B1BE5002FF65A /* main.m */ = {isa = PBXFileReference; lastKnownFileType = sourcecode.c.objc; path = main.m; sourceTree = "<group>"; };
		641498BC241B2B57002FF65A /* Controller.h */ = {isa = PBXFileReference; lastKnownFileType = sourcecode.c.h; path = Controller.h; sourceTree = "<group>"; };
		641498BD241B2B57002FF65A /* Controller.m */ = {isa = PBXFileReference; lastKnownFileType = sourcecode.c.objc; path = Controller.m; sourceTree = "<group>"; };
		641498BF241B2B70002FF65A /* Presenter.h */ = {isa = PBXFileReference; lastKnownFileType = sourcecode.c.h; path = Presenter.h; sourceTree = "<group>"; };
		641498C0241B2B70002FF65A /* Presenter.m */ = {isa = PBXFileReference; lastKnownFileType = sourcecode.c.objc; path = Presenter.m; sourceTree = "<group>"; };
		641498C2241B2C2E002FF65A /* TableViewCell.h */ = {isa = PBXFileReference; lastKnownFileType = sourcecode.c.h; path = TableViewCell.h; sourceTree = "<group>"; };
		641498C3241B2C2E002FF65A /* TableViewCell.m */ = {isa = PBXFileReference; lastKnownFileType = sourcecode.c.objc; path = TableViewCell.m; sourceTree = "<group>"; };
		641498CC241B2D18002FF65A /* Protocol.h */ = {isa = PBXFileReference; lastKnownFileType = sourcecode.c.h; path = Protocol.h; sourceTree = "<group>"; };
		641498CD241B57E7002FF65A /* Model.h */ = {isa = PBXFileReference; lastKnownFileType = sourcecode.c.h; path = Model.h; sourceTree = "<group>"; };
		641498CE241B57E7002FF65A /* Model.m */ = {isa = PBXFileReference; lastKnownFileType = sourcecode.c.objc; path = Model.m; sourceTree = "<group>"; };
/* End PBXFileReference section */

/* Begin PBXFrameworksBuildPhase section */
		6414989C241B1BE4002FF65A /* Frameworks */ = {
			isa = PBXFrameworksBuildPhase;
			buildActionMask = 2147483647;
			files = (
			);
			runOnlyForDeploymentPostprocessing = 0;
		};
/* End PBXFrameworksBuildPhase section */

/* Begin PBXGroup section */
		64149896241B1BE4002FF65A = {
			isa = PBXGroup;
			children = (
				641498A1241B1BE4002FF65A /* MVPDemo */,
				641498A0241B1BE4002FF65A /* Products */,
			);
			sourceTree = "<group>";
		};
		641498A0241B1BE4002FF65A /* Products */ = {
			isa = PBXGroup;
			children = (
				6414989F241B1BE4002FF65A /* MVPDemo.app */,
			);
			name = Products;
			sourceTree = "<group>";
		};
		641498A1241B1BE4002FF65A /* MVPDemo */ = {
			isa = PBXGroup;
			children = (
				641498BB241B209E002FF65A /* Presenter */,
				641498BA241B2092002FF65A /* Controller */,
				641498B9241B2086002FF65A /* View */,
				641498B8241B2077002FF65A /* model */,
				641498A2241B1BE4002FF65A /* AppDelegate.h */,
				641498A3241B1BE4002FF65A /* AppDelegate.m */,
				641498A5241B1BE4002FF65A /* ViewController.h */,
				641498A6241B1BE4002FF65A /* ViewController.m */,
				641498A8241B1BE4002FF65A /* Main.storyboard */,
				641498AB241B1BE5002FF65A /* Assets.xcassets */,
				641498AD241B1BE5002FF65A /* LaunchScreen.storyboard */,
				641498B0241B1BE5002FF65A /* Info.plist */,
				641498B1241B1BE5002FF65A /* main.m */,
			);
			path = MVPDemo;
			sourceTree = "<group>";
		};
		641498B8241B2077002FF65A /* model */ = {
			isa = PBXGroup;
			children = (
				641498CC241B2D18002FF65A /* Protocol.h */,
				641498CD241B57E7002FF65A /* Model.h */,
				641498CE241B57E7002FF65A /* Model.m */,
			);
			path = model;
			sourceTree = "<group>";
		};
		641498B9241B2086002FF65A /* View */ = {
			isa = PBXGroup;
			children = (
				641498C2241B2C2E002FF65A /* TableViewCell.h */,
				641498C3241B2C2E002FF65A /* TableViewCell.m */,
			);
			path = View;
			sourceTree = "<group>";
		};
		641498BA241B2092002FF65A /* Controller */ = {
			isa = PBXGroup;
			children = (
				641498BC241B2B57002FF65A /* Controller.h */,
				641498BD241B2B57002FF65A /* Controller.m */,
			);
			path = Controller;
			sourceTree = "<group>";
		};
		641498BB241B209E002FF65A /* Presenter */ = {
			isa = PBXGroup;
			children = (
				641498BF241B2B70002FF65A /* Presenter.h */,
				641498C0241B2B70002FF65A /* Presenter.m */,
			);
			path = Presenter;
			sourceTree = "<group>";
		};
/* End PBXGroup section */

/* Begin PBXNativeTarget section */
		6414989E241B1BE4002FF65A /* MVPDemo */ = {
			isa = PBXNativeTarget;
			buildConfigurationList = 641498B5241B1BE5002FF65A /* Build configuration list for PBXNativeTarget "MVPDemo" */;
			buildPhases = (
				6414989B241B1BE4002FF65A /* Sources */,
				6414989C241B1BE4002FF65A /* Frameworks */,
				6414989D241B1BE4002FF65A /* Resources */,
			);
			buildRules = (
			);
			dependencies = (
			);
			name = MVPDemo;
			productName = MVPDemo;
			productReference = 6414989F241B1BE4002FF65A /* MVPDemo.app */;
			productType = "com.apple.product-type.application";
		};
/* End PBXNativeTarget section */

/* Begin PBXProject section */
		64149897241B1BE4002FF65A /* Project object */ = {
			isa = PBXProject;
			attributes = {
				LastUpgradeCheck = 1030;
				ORGANIZATIONNAME = PersonalONBYL;
				TargetAttributes = {
					6414989E241B1BE4002FF65A = {
						CreatedOnToolsVersion = 10.3;
					};
				};
			};
			buildConfigurationList = 6414989A241B1BE4002FF65A /* Build configuration list for PBXProject "MVPDemo" */;
			compatibilityVersion = "Xcode 9.3";
			developmentRegion = en;
			hasScannedForEncodings = 0;
			knownRegions = (
				en,
				Base,
			);
			mainGroup = 64149896241B1BE4002FF65A;
			productRefGroup = 641498A0241B1BE4002FF65A /* Products */;
			projectDirPath = "";
			projectRoot = "";
			targets = (
				6414989E241B1BE4002FF65A /* MVPDemo */,
			);
		};
/* End PBXProject section */

/* Begin PBXResourcesBuildPhase section */
		6414989D241B1BE4002FF65A /* Resources */ = {
			isa = PBXResourcesBuildPhase;
			buildActionMask = 2147483647;
			files = (
				641498AF241B1BE5002FF65A /* LaunchScreen.storyboard in Resources */,
				641498AC241B1BE5002FF65A /* Assets.xcassets in Resources */,
				641498AA241B1BE4002FF65A /* Main.storyboard in Resources */,
			);
			runOnlyForDeploymentPostprocessing = 0;
		};
/* End PBXResourcesBuildPhase section */

/* Begin PBXSourcesBuildPhase section */
		6414989B241B1BE4002FF65A /* Sources */ = {
			isa = PBXSourcesBuildPhase;
			buildActionMask = 2147483647;
			files = (
				641498C1241B2B70002FF65A /* Presenter.m in Sources */,
				641498C4241B2C2E002FF65A /* TableViewCell.m in Sources */,
				641498A7241B1BE4002FF65A /* ViewController.m in Sources */,
				641498B2241B1BE5002FF65A /* main.m in Sources */,
				641498CF241B57E7002FF65A /* Model.m in Sources */,
				641498A4241B1BE4002FF65A /* AppDelegate.m in Sources */,
				641498BE241B2B57002FF65A /* Controller.m in Sources */,
			);
			runOnlyForDeploymentPostprocessing = 0;
		};
/* End PBXSourcesBuildPhase section */

/* Begin PBXVariantGroup section */
		641498A8241B1BE4002FF65A /* Main.storyboard */ = {
			isa = PBXVariantGroup;
			children = (
				641498A9241B1BE4002FF65A /* Base */,
			);
			name = Main.storyboard;
			sourceTree = "<group>";
		};
		641498AD241B1BE5002FF65A /* LaunchScreen.storyboard */ = {
			isa = PBXVariantGroup;
			children = (
				641498AE241B1BE5002FF65A /* Base */,
			);
			name = LaunchScreen.storyboard;
			sourceTree = "<group>";
		};
/* End PBXVariantGroup section */

/* Begin XCBuildConfiguration section */
		641498B3241B1BE5002FF65A /* Debug */ = {
			isa = XCBuildConfiguration;
			buildSettings = {
				ALWAYS_SEARCH_USER_PATHS = NO;
				CLANG_ANALYZER_NONNULL = YES;
				CLANG_ANALYZER_NUMBER_OBJECT_CONVERSION = YES_AGGRESSIVE;
				CLANG_CXX_LANGUAGE_STANDARD = "gnu++14";
				CLANG_CXX_LIBRARY = "libc++";
				CLANG_ENABLE_MODULES = YES;
				CLANG_ENABLE_OBJC_ARC = YES;
				CLANG_ENABLE_OBJC_WEAK = YES;
				CLANG_WARN_BLOCK_CAPTURE_AUTORELEASING = YES;
				CLANG_WARN_BOOL_CONVERSION = YES;
				CLANG_WARN_COMMA = YES;
				CLANG_WARN_CONSTANT_CONVERSION = YES;
				CLANG_WARN_DEPRECATED_OBJC_IMPLEMENTATIONS = YES;
				CLANG_WARN_DIRECT_OBJC_ISA_USAGE = YES_ERROR;
				CLANG_WARN_DOCUMENTATION_COMMENTS = YES;
				CLANG_WARN_EMPTY_BODY = YES;
				CLANG_WARN_ENUM_CONVERSION = YES;
				CLANG_WARN_INFINITE_RECURSION = YES;
				CLANG_WARN_INT_CONVERSION = YES;
				CLANG_WARN_NON_LITERAL_NULL_CONVERSION = YES;
				CLANG_WARN_OBJC_IMPLICIT_RETAIN_SELF = YES;
				CLANG_WARN_OBJC_LITERAL_CONVERSION = YES;
				CLANG_WARN_OBJC_ROOT_CLASS = YES_ERROR;
				CLANG_WARN_RANGE_LOOP_ANALYSIS = YES;
				CLANG_WARN_STRICT_PROTOTYPES = YES;
				CLANG_WARN_SUSPICIOUS_MOVE = YES;
				CLANG_WARN_UNGUARDED_AVAILABILITY = YES_AGGRESSIVE;
				CLANG_WARN_UNREACHABLE_CODE = YES;
				CLANG_WARN__DUPLICATE_METHOD_MATCH = YES;
				CODE_SIGN_IDENTITY = "iPhone Developer";
				COPY_PHASE_STRIP = NO;
				DEBUG_INFORMATION_FORMAT = dwarf;
				ENABLE_STRICT_OBJC_MSGSEND = YES;
				ENABLE_TESTABILITY = YES;
				GCC_C_LANGUAGE_STANDARD = gnu11;
				GCC_DYNAMIC_NO_PIC = NO;
				GCC_NO_COMMON_BLOCKS = YES;
				GCC_OPTIMIZATION_LEVEL = 0;
				GCC_PREPROCESSOR_DEFINITIONS = (
					"DEBUG=1",
					"$(inherited)",
				);
				GCC_WARN_64_TO_32_BIT_CONVERSION = YES;
				GCC_WARN_ABOUT_RETURN_TYPE = YES_ERROR;
				GCC_WARN_UNDECLARED_SELECTOR = YES;
				GCC_WARN_UNINITIALIZED_AUTOS = YES_AGGRESSIVE;
				GCC_WARN_UNUSED_FUNCTION = YES;
				GCC_WARN_UNUSED_VARIABLE = YES;
				IPHONEOS_DEPLOYMENT_TARGET = 12.4;
				MTL_ENABLE_DEBUG_INFO = INCLUDE_SOURCE;
				MTL_FAST_MATH = YES;
				ONLY_ACTIVE_ARCH = YES;
				SDKROOT = iphoneos;
			};
			name = Debug;
		};
		641498B4241B1BE5002FF65A /* Release */ = {
			isa = XCBuildConfiguration;
			buildSettings = {
				ALWAYS_SEARCH_USER_PATHS = NO;
				CLANG_ANALYZER_NONNULL = YES;
				CLANG_ANALYZER_NUMBER_OBJECT_CONVERSION = YES_AGGRESSIVE;
				CLANG_CXX_LANGUAGE_STANDARD = "gnu++14";
				CLANG_CXX_LIBRARY = "libc++";
				CLANG_ENABLE_MODULES = YES;
				CLANG_ENABLE_OBJC_ARC = YES;
				CLANG_ENABLE_OBJC_WEAK = YES;
				CLANG_WARN_BLOCK_CAPTURE_AUTORELEASING = YES;
				CLANG_WARN_BOOL_CONVERSION = YES;
				CLANG_WARN_COMMA = YES;
				CLANG_WARN_CONSTANT_CONVERSION = YES;
				CLANG_WARN_DEPRECATED_OBJC_IMPLEMENTATIONS = YES;
				CLANG_WARN_DIRECT_OBJC_ISA_USAGE = YES_ERROR;
				CLANG_WARN_DOCUMENTATION_COMMENTS = YES;
				CLANG_WARN_EMPTY_BODY = YES;
				CLANG_WARN_ENUM_CONVERSION = YES;
				CLANG_WARN_INFINITE_RECURSION = YES;
				CLANG_WARN_INT_CONVERSION = YES;
				CLANG_WARN_NON_LITERAL_NULL_CONVERSION = YES;
				CLANG_WARN_OBJC_IMPLICIT_RETAIN_SELF = YES;
				CLANG_WARN_OBJC_LITERAL_CONVERSION = YES;
				CLANG_WARN_OBJC_ROOT_CLASS = YES_ERROR;
				CLANG_WARN_RANGE_LOOP_ANALYSIS = YES;
				CLANG_WARN_STRICT_PROTOTYPES = YES;
				CLANG_WARN_SUSPICIOUS_MOVE = YES;
				CLANG_WARN_UNGUARDED_AVAILABILITY = YES_AGGRESSIVE;
				CLANG_WARN_UNREACHABLE_CODE = YES;
				CLANG_WARN__DUPLICATE_METHOD_MATCH = YES;
				CODE_SIGN_IDENTITY = "iPhone Developer";
				COPY_PHASE_STRIP = NO;
				DEBUG_INFORMATION_FORMAT = "dwarf-with-dsym";
				ENABLE_NS_ASSERTIONS = NO;
				ENABLE_STRICT_OBJC_MSGSEND = YES;
				GCC_C_LANGUAGE_STANDARD = gnu11;
				GCC_NO_COMMON_BLOCKS = YES;
				GCC_WARN_64_TO_32_BIT_CONVERSION = YES;
				GCC_WARN_ABOUT_RETURN_TYPE = YES_ERROR;
				GCC_WARN_UNDECLARED_SELECTOR = YES;
				GCC_WARN_UNINITIALIZED_AUTOS = YES_AGGRESSIVE;
				GCC_WARN_UNUSED_FUNCTION = YES;
				GCC_WARN_UNUSED_VARIABLE = YES;
				IPHONEOS_DEPLOYMENT_TARGET = 12.4;
				MTL_ENABLE_DEBUG_INFO = NO;
				MTL_FAST_MATH = YES;
				SDKROOT = iphoneos;
				VALIDATE_PRODUCT = YES;
			};
			name = Release;
		};
		641498B6241B1BE5002FF65A /* Debug */ = {
			isa = XCBuildConfiguration;
			buildSettings = {
				ASSETCATALOG_COMPILER_APPICON_NAME = AppIcon;
				CODE_SIGN_STYLE = Automatic;
				DEVELOPMENT_TEAM = 7YYRDAUH4V;
				INFOPLIST_FILE = MVPDemo/Info.plist;
				LD_RUNPATH_SEARCH_PATHS = (
					"$(inherited)",
					"@executable_path/Frameworks",
				);
				PRODUCT_BUNDLE_IDENTIFIER = com.PersonalONBYL.MVPDemo;
				PRODUCT_NAME = "$(TARGET_NAME)";
				TARGETED_DEVICE_FAMILY = "1,2";
			};
			name = Debug;
		};
		641498B7241B1BE5002FF65A /* Release */ = {
			isa = XCBuildConfiguration;
			buildSettings = {
				ASSETCATALOG_COMPILER_APPICON_NAME = AppIcon;
				CODE_SIGN_STYLE = Automatic;
				DEVELOPMENT_TEAM = 7YYRDAUH4V;
				INFOPLIST_FILE = MVPDemo/Info.plist;
				LD_RUNPATH_SEARCH_PATHS = (
					"$(inherited)",
					"@executable_path/Frameworks",
				);
				PRODUCT_BUNDLE_IDENTIFIER = com.PersonalONBYL.MVPDemo;
				PRODUCT_NAME = "$(TARGET_NAME)";
				TARGETED_DEVICE_FAMILY = "1,2";
			};
			name = Release;
		};
/* End XCBuildConfiguration section */

/* Begin XCConfigurationList section */
		6414989A241B1BE4002FF65A /* Build configuration list for PBXProject "MVPDemo" */ = {
			isa = XCConfigurationList;
			buildConfigurations = (
				641498B3241B1BE5002FF65A /* Debug */,
				641498B4241B1BE5002FF65A /* Release */,
			);
			defaultConfigurationIsVisible = 0;
			defaultConfigurationName = Release;
		};
		641498B5241B1BE5002FF65A /* Build configuration list for PBXNativeTarget "MVPDemo" */ = {
			isa = XCConfigurationList;
			buildConfigurations = (
				641498B6241B1BE5002FF65A /* Debug */,
				641498B7241B1BE5002FF65A /* Release */,
			);
			defaultConfigurationIsVisible = 0;
			defaultConfigurationName = Release;
		};
/* End XCConfigurationList section */
	};
	rootObject = 64149897241B1BE4002FF65A /* Project object */;
}
